
Microsoft Visual Studio Solution File, Format Version 12.00
# Visual Studio Version 17
VisualStudioVersion = 17.5.33516.290
MinimumVisualStudioVersion = 10.0.40219.1
Project("{9A19103F-16F7-4668-BE54-9A1E7A4F7556}") = "DnDApp.Blazor", "DnDApp.Blazor\DnDApp.Blazor.csproj", "{CC209776-A692-42A8-98D7-81EAB52F4E4A}"
	ProjectSection(ProjectDependencies) = postProject
		{7FC6A1D7-0760-4765-9901-96B739DDA145} = {7FC6A1D7-0760-4765-9901-96B739DDA145}
	EndProjectSection
EndProject
Project("{9A19103F-16F7-4668-BE54-9A1E7A4F7556}") = "DnDApp.Domain", "DnDApp.Domain\DnDApp.Domain.csproj", "{26C5F64B-D96E-4FC5-9922-2A153F09DC6B}"
EndProject
Project("{9A19103F-16F7-4668-BE54-9A1E7A4F7556}") = "DnDApp.Services", "DnDApp.Services\DnDApp.Services.csproj", "{7FC6A1D7-0760-4765-9901-96B739DDA145}"
	ProjectSection(ProjectDependencies) = postProject
		{26C5F64B-D96E-4FC5-9922-2A153F09DC6B} = {26C5F64B-D96E-4FC5-9922-2A153F09DC6B}
		{AA9508F6-A467-4596-9F47-C345BE3A2527} = {AA9508F6-A467-4596-9F47-C345BE3A2527}
	EndProjectSection
EndProject
Project("{9A19103F-16F7-4668-BE54-9A1E7A4F7556}") = "DnDAppTests", "DnDAppTests\DnDAppTests.csproj", "{6E6A44DD-D490-4347-8F6C-15652BB5300D}"
	ProjectSection(ProjectDependencies) = postProject
		{AA9508F6-A467-4596-9F47-C345BE3A2527} = {AA9508F6-A467-4596-9F47-C345BE3A2527}
	EndProjectSection
EndProject
Project("{2150E333-8FDC-42A3-9474-1A3956D46DE8}") = "Tests", "Tests", "{CB344CFD-FB0D-485F-8ADC-2A2DEE5EA77B}"
EndProject
Project("{9A19103F-16F7-4668-BE54-9A1E7A4F7556}") = "DnDApp.ExternalService.DnDApi", "DnDApp.ExternalService.Api\DnDApp.ExternalService.DnDApi.csproj", "{AA9508F6-A467-4596-9F47-C345BE3A2527}"
EndProject
Project("{2150E333-8FDC-42A3-9474-1A3956D46DE8}") = "src", "src", "{9A44BFCE-2C41-4BBC-933D-2820E2DCAE32}"
EndProject
Global
	GlobalSection(SolutionConfigurationPlatforms) = preSolution
		Debug|Any CPU = Debug|Any CPU
		Release|Any CPU = Release|Any CPU
	EndGlobalSection
	GlobalSection(ProjectConfigurationPlatforms) = postSolution
		{CC209776-A692-42A8-98D7-81EAB52F4E4A}.Debug|Any CPU.ActiveCfg = Debug|Any CPU
		{CC209776-A692-42A8-98D7-81EAB52F4E4A}.Debug|Any CPU.Build.0 = Debug|Any CPU
		{CC209776-A692-42A8-98D7-81EAB52F4E4A}.Release|Any CPU.ActiveCfg = Release|Any CPU
		{CC209776-A692-42A8-98D7-81EAB52F4E4A}.Release|Any CPU.Build.0 = Release|Any CPU
		{26C5F64B-D96E-4FC5-9922-2A153F09DC6B}.Debug|Any CPU.ActiveCfg = Debug|Any CPU
		{26C5F64B-D96E-4FC5-9922-2A153F09DC6B}.Debug|Any CPU.Build.0 = Debug|Any CPU
		{26C5F64B-D96E-4FC5-9922-2A153F09DC6B}.Release|Any CPU.ActiveCfg = Release|Any CPU
		{26C5F64B-D96E-4FC5-9922-2A153F09DC6B}.Release|Any CPU.Build.0 = Release|Any CPU
		{7FC6A1D7-0760-4765-9901-96B739DDA145}.Debug|Any CPU.ActiveCfg = Debug|Any CPU
		{7FC6A1D7-0760-4765-9901-96B739DDA145}.Debug|Any CPU.Build.0 = Debug|Any CPU
		{7FC6A1D7-0760-4765-9901-96B739DDA145}.Release|Any CPU.ActiveCfg = Release|Any CPU
		{7FC6A1D7-0760-4765-9901-96B739DDA145}.Release|Any CPU.Build.0 = Release|Any CPU
		{6E6A44DD-D490-4347-8F6C-15652BB5300D}.Debug|Any CPU.ActiveCfg = Debug|Any CPU
		{6E6A44DD-D490-4347-8F6C-15652BB5300D}.Debug|Any CPU.Build.0 = Debug|Any CPU
		{6E6A44DD-D490-4347-8F6C-15652BB5300D}.Release|Any CPU.ActiveCfg = Release|Any CPU
		{6E6A44DD-D490-4347-8F6C-15652BB5300D}.Release|Any CPU.Build.0 = Release|Any CPU
		{AA9508F6-A467-4596-9F47-C345BE3A2527}.Debug|Any CPU.ActiveCfg = Debug|Any CPU
		{AA9508F6-A467-4596-9F47-C345BE3A2527}.Debug|Any CPU.Build.0 = Debug|Any CPU
		{AA9508F6-A467-4596-9F47-C345BE3A2527}.Release|Any CPU.ActiveCfg = Release|Any CPU
		{AA9508F6-A467-4596-9F47-C345BE3A2527}.Release|Any CPU.Build.0 = Release|Any CPU
	EndGlobalSection
	GlobalSection(SolutionProperties) = preSolution
		HideSolutionNode = FALSE
	EndGlobalSection
	GlobalSection(NestedProjects) = preSolution
		{CC209776-A692-42A8-98D7-81EAB52F4E4A} = {9A44BFCE-2C41-4BBC-933D-2820E2DCAE32}
		{26C5F64B-D96E-4FC5-9922-2A153F09DC6B} = {9A44BFCE-2C41-4BBC-933D-2820E2DCAE32}
		{7FC6A1D7-0760-4765-9901-96B739DDA145} = {9A44BFCE-2C41-4BBC-933D-2820E2DCAE32}
		{6E6A44DD-D490-4347-8F6C-15652BB5300D} = {CB344CFD-FB0D-485F-8ADC-2A2DEE5EA77B}
		{AA9508F6-A467-4596-9F47-C345BE3A2527} = {9A44BFCE-2C41-4BBC-933D-2820E2DCAE32}
	EndGlobalSection
	GlobalSection(ExtensibilityGlobals) = postSolution
		SolutionGuid = {292F0693-F9CB-4EEB-85CD-1285E34A32EB}
	EndGlobalSection
EndGlobal
